
Microsoft Visual Studio Solution File, Format Version 12.00
# Visual Studio 15
VisualStudioVersion = 15.0.28307.1800
MinimumVisualStudioVersion = 10.0.40219.1
Project("{FAE04EC0-301F-11D3-BF4B-00C04F79EFBC}") = "Collections", "Collections\Collections.csproj", "{D22D383D-5996-428E-8438-E88C887E1CF6}"
EndProject
Project("{FAE04EC0-301F-11D3-BF4B-00C04F79EFBC}") = "CollectionsTest", "CollectionsTest\CollectionsTest.csproj", "{2F420449-36AE-486F-BD72-5C84B50A07AD}"
EndProject
Global
	GlobalSection(SolutionConfigurationPlatforms) = preSolution
		Debug|Any CPU = Debug|Any CPU
		Release|Any CPU = Release|Any CPU
	EndGlobalSection
	GlobalSection(ProjectConfigurationPlatforms) = postSolution
		{D22D383D-5996-428E-8438-E88C887E1CF6}.Debug|Any CPU.ActiveCfg = Debug|Any CPU
		{D22D383D-5996-428E-8438-E88C887E1CF6}.Debug|Any CPU.Build.0 = Debug|Any CPU
		{D22D383D-5996-428E-8438-E88C887E1CF6}.Release|Any CPU.ActiveCfg = Release|Any CPU
		{D22D383D-5996-428E-8438-E88C887E1CF6}.Release|Any CPU.Build.0 = Release|Any CPU
		{2F420449-36AE-486F-BD72-5C84B50A07AD}.Debug|Any CPU.ActiveCfg = Debug|Any CPU
		{2F420449-36AE-486F-BD72-5C84B50A07AD}.Debug|Any CPU.Build.0 = Debug|Any CPU
		{2F420449-36AE-486F-BD72-5C84B50A07AD}.Release|Any CPU.ActiveCfg = Release|Any CPU
		{2F420449-36AE-486F-BD72-5C84B50A07AD}.Release|Any CPU.Build.0 = Release|Any CPU
	EndGlobalSection
	GlobalSection(SolutionProperties) = preSolution
		HideSolutionNode = FALSE
	EndGlobalSection
	GlobalSection(ExtensibilityGlobals) = postSolution
		SolutionGuid = {85FD1118-5C96-4309-B1D7-932AD543B658}
	EndGlobalSection
EndGlobal
